{
    "name": "@ensdomains/test-utils",
    "version": "1.0.4",
    "lockfileVersion": 1,
    "requires": true,
    "dependencies": {
        "bluebird": {
            "version": "3.5.3",
            "resolved": "https://registry.npmjs.org/bluebird/-/bluebird-3.5.3.tgz",
            "integrity": "sha512-/qKPUQlaW1OyR51WeCPBvRnAlnZFUJkCSG5HzGnuIqhgyJtF+T94lFnn33eiazjRm2LAHVy2guNnaq48X9SJuw=="
        },
        "dns-packet": {
            "version": "5.1.2",
            "resolved": "https://registry.npmjs.org/dns-packet/-/dns-packet-5.1.2.tgz",
            "integrity": "sha512-C+wCs4W1ZwTJLG/S8b9gst1dRD63bnY+o86lqVnxGAVUB9LN2Cq2zUKobaGv5kCqY/y7CJUh2kNEUTii7lcUng==",
            "requires": {
                "ip": "^1.1.5"
            }
        },
        "ip": {
            "version": "1.1.5",
            "resolved": "https://registry.npmjs.org/ip/-/ip-1.1.5.tgz",
            "integrity": "sha1-vd7XARQpCCjAoDnnLvJfWq7ENUo="
        }
    }
}
